
Microsoft Visual Studio Solution File, Format Version 12.00
# Visual Studio Version 17
VisualStudioVersion = 17.13.35825.156 d17.13
MinimumVisualStudioVersion = 10.0.40219.1
Project("{FAE04EC0-301F-11D3-BF4B-00C04F79EFBC}") = "PumpPad", "PumpPad.csproj", "{50B9B1F4-F65D-4D2D-80BC-F4A537417427}"
EndProject
Global
	GlobalSection(SolutionConfigurationPlatforms) = preSolution
		Debug|Any CPU = Debug|Any CPU
		Release|Any CPU = Release|Any CPU
	EndGlobalSection
	GlobalSection(ProjectConfigurationPlatforms) = postSolution
		{50B9B1F4-F65D-4D2D-80BC-F4A537417427}.Debug|Any CPU.ActiveCfg = Debug|Any CPU
		{50B9B1F4-F65D-4D2D-80BC-F4A537417427}.Debug|Any CPU.Build.0 = Debug|Any CPU
		{50B9B1F4-F65D-4D2D-80BC-F4A537417427}.Debug|Any CPU.Deploy.0 = Debug|Any CPU
		{50B9B1F4-F65D-4D2D-80BC-F4A537417427}.Release|Any CPU.ActiveCfg = Release|Any CPU
		{50B9B1F4-F65D-4D2D-80BC-F4A537417427}.Release|Any CPU.Build.0 = Release|Any CPU
		{50B9B1F4-F65D-4D2D-80BC-F4A537417427}.Release|Any CPU.Deploy.0 = Release|Any CPU
	EndGlobalSection
	GlobalSection(SolutionProperties) = preSolution
		HideSolutionNode = FALSE
	EndGlobalSection
	GlobalSection(ExtensibilityGlobals) = postSolution
		SolutionGuid = {A99A2A07-18DF-486B-AF78-8DCD0F8BB732}
	EndGlobalSection
EndGlobal
